
Microsoft Visual Studio Solution File, Format Version 12.00
# Visual Studio Version 17
VisualStudioVersion = 17.5.002.0
MinimumVisualStudioVersion = 10.0.40219.1
Project("{9A19103F-16F7-4668-BE54-9A1E7A4F7556}") = "CrossCompilation", "CrossCompilation.csproj", "{C060E0CE-0613-4F3E-97FE-815E6D352036}"
EndProject
Global
	GlobalSection(SolutionConfigurationPlatforms) = preSolution
		Debug|Any CPU = Debug|Any CPU
		Release|Any CPU = Release|Any CPU
	EndGlobalSection
	GlobalSection(ProjectConfigurationPlatforms) = postSolution
		{C060E0CE-0613-4F3E-97FE-815E6D352036}.Debug|Any CPU.ActiveCfg = Debug|Any CPU
		{C060E0CE-0613-4F3E-97FE-815E6D352036}.Debug|Any CPU.Build.0 = Debug|Any CPU
		{C060E0CE-0613-4F3E-97FE-815E6D352036}.Release|Any CPU.ActiveCfg = Release|Any CPU
		{C060E0CE-0613-4F3E-97FE-815E6D352036}.Release|Any CPU.Build.0 = Release|Any CPU
	EndGlobalSection
	GlobalSection(SolutionProperties) = preSolution
		HideSolutionNode = FALSE
	EndGlobalSection
	GlobalSection(ExtensibilityGlobals) = postSolution
		SolutionGuid = {A56C2269-6D76-4B38-9496-BC0ED9CD541F}
	EndGlobalSection
EndGlobal
